
Microsoft Visual Studio Solution File, Format Version 12.00
# Visual Studio 2013
VisualStudioVersion = 12.0.31101.0
MinimumVisualStudioVersion = 10.0.40219.1
Project("{FAE04EC0-301F-11D3-BF4B-00C04F79EFBC}") = "Ranta.Common", "Ranta.Common\Ranta.Common.csproj", "{CF0850AF-2AB0-420C-AFBB-9DB622BC808D}"
EndProject
Project("{FAE04EC0-301F-11D3-BF4B-00C04F79EFBC}") = "Ranta.Enqueue", "Ranta.Enqueue\Ranta.Enqueue.csproj", "{04DC3F5A-4DA1-49B0-A0BE-A89FCCC26E8D}"
EndProject
Project("{FAE04EC0-301F-11D3-BF4B-00C04F79EFBC}") = "Ranta.Dequeue", "Ranta.Dequeue\Ranta.Dequeue.csproj", "{D1D28FE8-EAB5-4362-97C0-12DC91674F8F}"
EndProject
Global
	GlobalSection(SolutionConfigurationPlatforms) = preSolution
		Debug|Any CPU = Debug|Any CPU
		Release|Any CPU = Release|Any CPU
	EndGlobalSection
	GlobalSection(ProjectConfigurationPlatforms) = postSolution
		{CF0850AF-2AB0-420C-AFBB-9DB622BC808D}.Debug|Any CPU.ActiveCfg = Debug|Any CPU
		{CF0850AF-2AB0-420C-AFBB-9DB622BC808D}.Debug|Any CPU.Build.0 = Debug|Any CPU
		{CF0850AF-2AB0-420C-AFBB-9DB622BC808D}.Release|Any CPU.ActiveCfg = Release|Any CPU
		{CF0850AF-2AB0-420C-AFBB-9DB622BC808D}.Release|Any CPU.Build.0 = Release|Any CPU
		{04DC3F5A-4DA1-49B0-A0BE-A89FCCC26E8D}.Debug|Any CPU.ActiveCfg = Debug|Any CPU
		{04DC3F5A-4DA1-49B0-A0BE-A89FCCC26E8D}.Debug|Any CPU.Build.0 = Debug|Any CPU
		{04DC3F5A-4DA1-49B0-A0BE-A89FCCC26E8D}.Release|Any CPU.ActiveCfg = Release|Any CPU
		{04DC3F5A-4DA1-49B0-A0BE-A89FCCC26E8D}.Release|Any CPU.Build.0 = Release|Any CPU
		{D1D28FE8-EAB5-4362-97C0-12DC91674F8F}.Debug|Any CPU.ActiveCfg = Debug|Any CPU
		{D1D28FE8-EAB5-4362-97C0-12DC91674F8F}.Debug|Any CPU.Build.0 = Debug|Any CPU
		{D1D28FE8-EAB5-4362-97C0-12DC91674F8F}.Release|Any CPU.ActiveCfg = Release|Any CPU
		{D1D28FE8-EAB5-4362-97C0-12DC91674F8F}.Release|Any CPU.Build.0 = Release|Any CPU
	EndGlobalSection
	GlobalSection(SolutionProperties) = preSolution
		HideSolutionNode = FALSE
	EndGlobalSection
EndGlobal
